// !$*UTF8*$!
{
	archiveVersion = 1;
	classes = {
	};
	objectVersion = 50;
	objects = {

/* Begin PBXBuildFile section */
		66247744254C655C000C0D7F /* AppDelegate.swift in Sources */ = {isa = PBXBuildFile; fileRef = 66247743254C655C000C0D7F /* AppDelegate.swift */; };
		66247746254C655C000C0D7F /* SceneDelegate.swift in Sources */ = {isa = PBXBuildFile; fileRef = 66247745254C655C000C0D7F /* SceneDelegate.swift */; };
		66247748254C655C000C0D7F /* ViewController.swift in Sources */ = {isa = PBXBuildFile; fileRef = 66247747254C655C000C0D7F /* ViewController.swift */; };
		6624774B254C655C000C0D7F /* Main.storyboard in Resources */ = {isa = PBXBuildFile; fileRef = 66247749254C655C000C0D7F /* Main.storyboard */; };
		6624774D254C655E000C0D7F /* Assets.xcassets in Resources */ = {isa = PBXBuildFile; fileRef = 6624774C254C655E000C0D7F /* Assets.xcassets */; };
		66247750254C655E000C0D7F /* LaunchScreen.storyboard in Resources */ = {isa = PBXBuildFile; fileRef = 6624774E254C655E000C0D7F /* LaunchScreen.storyboard */; };
		66CD24A8254F15B9000256FB /* russia.png in Resources */ = {isa = PBXBuildFile; fileRef = 66CD249C254F15B9000256FB /* russia.png */; };
		66CD24A9254F15B9000256FB /* poland.png in Resources */ = {isa = PBXBuildFile; fileRef = 66CD249D254F15B9000256FB /* poland.png */; };
		66CD24AA254F15B9000256FB /* estonia.png in Resources */ = {isa = PBXBuildFile; fileRef = 66CD249E254F15B9000256FB /* estonia.png */; };
		66CD24AB254F15B9000256FB /* us.png in Resources */ = {isa = PBXBuildFile; fileRef = 66CD249F254F15B9000256FB /* us.png */; };
		66CD24AC254F15B9000256FB /* monaco.png in Resources */ = {isa = PBXBuildFile; fileRef = 66CD24A0254F15B9000256FB /* monaco.png */; };
		66CD24AD254F15B9000256FB /* nigeria.png in Resources */ = {isa = PBXBuildFile; fileRef = 66CD24A1254F15B9000256FB /* nigeria.png */; };
		66CD24AE254F15B9000256FB /* germany.png in Resources */ = {isa = PBXBuildFile; fileRef = 66CD24A2254F15B9000256FB /* germany.png */; };
		66CD24AF254F15B9000256FB /* spain.png in Resources */ = {isa = PBXBuildFile; fileRef = 66CD24A3254F15B9000256FB /* spain.png */; };
		66CD24B0254F15B9000256FB /* france.png in Resources */ = {isa = PBXBuildFile; fileRef = 66CD24A4254F15B9000256FB /* france.png */; };
		66CD24B1254F15B9000256FB /* italy.png in Resources */ = {isa = PBXBuildFile; fileRef = 66CD24A5254F15B9000256FB /* italy.png */; };
		66CD24B2254F15B9000256FB /* uk.png in Resources */ = {isa = PBXBuildFile; fileRef = 66CD24A6254F15B9000256FB /* uk.png */; };
		66CD24B3254F15B9000256FB /* ireland.png in Resources */ = {isa = PBXBuildFile; fileRef = 66CD24A7254F15B9000256FB /* ireland.png */; };
		66CD24B7254F176D000256FB /* DetailViewController.swift in Sources */ = {isa = PBXBuildFile; fileRef = 66CD24B6254F176D000256FB /* DetailViewController.swift */; };
/* End PBXBuildFile section */

/* Begin PBXFileReference section */
		66247740254C655C000C0D7F /* Challenge(project1-3).app */ = {isa = PBXFileReference; explicitFileType = wrapper.application; includeInIndex = 0; path = "Challenge(project1-3).app"; sourceTree = BUILT_PRODUCTS_DIR; };
		66247743254C655C000C0D7F /* AppDelegate.swift */ = {isa = PBXFileReference; lastKnownFileType = sourcecode.swift; path = AppDelegate.swift; sourceTree = "<group>"; };
		66247745254C655C000C0D7F /* SceneDelegate.swift */ = {isa = PBXFileReference; lastKnownFileType = sourcecode.swift; path = SceneDelegate.swift; sourceTree = "<group>"; };
		66247747254C655C000C0D7F /* ViewController.swift */ = {isa = PBXFileReference; lastKnownFileType = sourcecode.swift; path = ViewController.swift; sourceTree = "<group>"; };
		6624774A254C655C000C0D7F /* Base */ = {isa = PBXFileReference; lastKnownFileType = file.storyboard; name = Base; path = Base.lproj/Main.storyboard; sourceTree = "<group>"; };
		6624774C254C655E000C0D7F /* Assets.xcassets */ = {isa = PBXFileReference; lastKnownFileType = folder.assetcatalog; path = Assets.xcassets; sourceTree = "<group>"; };
		6624774F254C655E000C0D7F /* Base */ = {isa = PBXFileReference; lastKnownFileType = file.storyboard; name = Base; path = Base.lproj/LaunchScreen.storyboard; sourceTree = "<group>"; };
		66247751254C655E000C0D7F /* Info.plist */ = {isa = PBXFileReference; lastKnownFileType = text.plist.xml; path = Info.plist; sourceTree = "<group>"; };
		66CD249C254F15B9000256FB /* russia.png */ = {isa = PBXFileReference; lastKnownFileType = image.png; path = russia.png; sourceTree = "<group>"; };
		66CD249D254F15B9000256FB /* poland.png */ = {isa = PBXFileReference; lastKnownFileType = image.png; path = poland.png; sourceTree = "<group>"; };
		66CD249E254F15B9000256FB /* estonia.png */ = {isa = PBXFileReference; lastKnownFileType = image.png; path = estonia.png; sourceTree = "<group>"; };
		66CD249F254F15B9000256FB /* us.png */ = {isa = PBXFileReference; lastKnownFileType = image.png; path = us.png; sourceTree = "<group>"; };
		66CD24A0254F15B9000256FB /* monaco.png */ = {isa = PBXFileReference; lastKnownFileType = image.png; path = monaco.png; sourceTree = "<group>"; };
		66CD24A1254F15B9000256FB /* nigeria.png */ = {isa = PBXFileReference; lastKnownFileType = image.png; path = nigeria.png; sourceTree = "<group>"; };
		66CD24A2254F15B9000256FB /* germany.png */ = {isa = PBXFileReference; lastKnownFileType = image.png; path = germany.png; sourceTree = "<group>"; };
		66CD24A3254F15B9000256FB /* spain.png */ = {isa = PBXFileReference; lastKnownFileType = image.png; path = spain.png; sourceTree = "<group>"; };
		66CD24A4254F15B9000256FB /* france.png */ = {isa = PBXFileReference; lastKnownFileType = image.png; path = france.png; sourceTree = "<group>"; };
		66CD24A5254F15B9000256FB /* italy.png */ = {isa = PBXFileReference; lastKnownFileType = image.png; path = italy.png; sourceTree = "<group>"; };
		66CD24A6254F15B9000256FB /* uk.png */ = {isa = PBXFileReference; lastKnownFileType = image.png; path = uk.png; sourceTree = "<group>"; };
		66CD24A7254F15B9000256FB /* ireland.png */ = {isa = PBXFileReference; lastKnownFileType = image.png; path = ireland.png; sourceTree = "<group>"; };
		66CD24B6254F176D000256FB /* DetailViewController.swift */ = {isa = PBXFileReference; lastKnownFileType = sourcecode.swift; path = DetailViewController.swift; sourceTree = "<group>"; };
/* End PBXFileReference section */

/* Begin PBXFrameworksBuildPhase section */
		6624773D254C655C000C0D7F /* Frameworks */ = {
			isa = PBXFrameworksBuildPhase;
			buildActionMask = 2147483647;
			files = (
			);
			runOnlyForDeploymentPostprocessing = 0;
		};
/* End PBXFrameworksBuildPhase section */

/* Begin PBXGroup section */
		66247737254C655C000C0D7F = {
			isa = PBXGroup;
			children = (
				66247742254C655C000C0D7F /* Challenge(project1-3) */,
				66247741254C655C000C0D7F /* Products */,
			);
			sourceTree = "<group>";
		};
		66247741254C655C000C0D7F /* Products */ = {
			isa = PBXGroup;
			children = (
				66247740254C655C000C0D7F /* Challenge(project1-3).app */,
			);
			name = Products;
			sourceTree = "<group>";
		};
		66247742254C655C000C0D7F /* Challenge(project1-3) */ = {
			isa = PBXGroup;
			children = (
				66CD249B254F15B9000256FB /* Content */,
				66247743254C655C000C0D7F /* AppDelegate.swift */,
				66247745254C655C000C0D7F /* SceneDelegate.swift */,
				66CD24B6254F176D000256FB /* DetailViewController.swift */,
				66247747254C655C000C0D7F /* ViewController.swift */,
				66247749254C655C000C0D7F /* Main.storyboard */,
				6624774C254C655E000C0D7F /* Assets.xcassets */,
				6624774E254C655E000C0D7F /* LaunchScreen.storyboard */,
				66247751254C655E000C0D7F /* Info.plist */,
			);
			path = "Challenge(project1-3)";
			sourceTree = "<group>";
		};
		66CD249B254F15B9000256FB /* Content */ = {
			isa = PBXGroup;
			children = (
				66CD249C254F15B9000256FB /* russia.png */,
				66CD249D254F15B9000256FB /* poland.png */,
				66CD249E254F15B9000256FB /* estonia.png */,
				66CD249F254F15B9000256FB /* us.png */,
				66CD24A0254F15B9000256FB /* monaco.png */,
				66CD24A1254F15B9000256FB /* nigeria.png */,
				66CD24A2254F15B9000256FB /* germany.png */,
				66CD24A3254F15B9000256FB /* spain.png */,
				66CD24A4254F15B9000256FB /* france.png */,
				66CD24A5254F15B9000256FB /* italy.png */,
				66CD24A6254F15B9000256FB /* uk.png */,
				66CD24A7254F15B9000256FB /* ireland.png */,
			);
			path = Content;
			sourceTree = "<group>";
		};
/* End PBXGroup section */

/* Begin PBXNativeTarget section */
		6624773F254C655C000C0D7F /* Challenge(project1-3) */ = {
			isa = PBXNativeTarget;
			buildConfigurationList = 66247754254C655E000C0D7F /* Build configuration list for PBXNativeTarget "Challenge(project1-3)" */;
			buildPhases = (
				6624773C254C655C000C0D7F /* Sources */,
				6624773D254C655C000C0D7F /* Frameworks */,
				6624773E254C655C000C0D7F /* Resources */,
			);
			buildRules = (
			);
			dependencies = (
			);
			name = "Challenge(project1-3)";
			productName = "Challenge(project1-3)";
			productReference = 66247740254C655C000C0D7F /* Challenge(project1-3).app */;
			productType = "com.apple.product-type.application";
		};
/* End PBXNativeTarget section */

/* Begin PBXProject section */
		66247738254C655C000C0D7F /* Project object */ = {
			isa = PBXProject;
			attributes = {
				LastSwiftUpdateCheck = 1210;
				LastUpgradeCheck = 1210;
				TargetAttributes = {
					6624773F254C655C000C0D7F = {
						CreatedOnToolsVersion = 12.1;
					};
				};
			};
			buildConfigurationList = 6624773B254C655C000C0D7F /* Build configuration list for PBXProject "Challenge(project1-3)" */;
			compatibilityVersion = "Xcode 9.3";
			developmentRegion = en;
			hasScannedForEncodings = 0;
			knownRegions = (
				en,
				Base,
			);
			mainGroup = 66247737254C655C000C0D7F;
			productRefGroup = 66247741254C655C000C0D7F /* Products */;
			projectDirPath = "";
			projectRoot = "";
			targets = (
				6624773F254C655C000C0D7F /* Challenge(project1-3) */,
			);
		};
/* End PBXProject section */

/* Begin PBXResourcesBuildPhase section */
		6624773E254C655C000C0D7F /* Resources */ = {
			isa = PBXResourcesBuildPhase;
			buildActionMask = 2147483647;
			files = (
				66CD24B1254F15B9000256FB /* italy.png in Resources */,
				66CD24B2254F15B9000256FB /* uk.png in Resources */,
				66CD24B0254F15B9000256FB /* france.png in Resources */,
				66CD24A8254F15B9000256FB /* russia.png in Resources */,
				66CD24A9254F15B9000256FB /* poland.png in Resources */,
				66CD24AC254F15B9000256FB /* monaco.png in Resources */,
				66CD24B3254F15B9000256FB /* ireland.png in Resources */,
				66247750254C655E000C0D7F /* LaunchScreen.storyboard in Resources */,
				6624774D254C655E000C0D7F /* Assets.xcassets in Resources */,
				66CD24AD254F15B9000256FB /* nigeria.png in Resources */,
				6624774B254C655C000C0D7F /* Main.storyboard in Resources */,
				66CD24AF254F15B9000256FB /* spain.png in Resources */,
				66CD24AB254F15B9000256FB /* us.png in Resources */,
				66CD24AA254F15B9000256FB /* estonia.png in Resources */,
				66CD24AE254F15B9000256FB /* germany.png in Resources */,
			);
			runOnlyForDeploymentPostprocessing = 0;
		};
/* End PBXResourcesBuildPhase section */

/* Begin PBXSourcesBuildPhase section */
		6624773C254C655C000C0D7F /* Sources */ = {
			isa = PBXSourcesBuildPhase;
			buildActionMask = 2147483647;
			files = (
				66247748254C655C000C0D7F /* ViewController.swift in Sources */,
				66247744254C655C000C0D7F /* AppDelegate.swift in Sources */,
				66247746254C655C000C0D7F /* SceneDelegate.swift in Sources */,
				66CD24B7254F176D000256FB /* DetailViewController.swift in Sources */,
			);
			runOnlyForDeploymentPostprocessing = 0;
		};
/* End PBXSourcesBuildPhase section */

/* Begin PBXVariantGroup section */
		66247749254C655C000C0D7F /* Main.storyboard */ = {
			isa = PBXVariantGroup;
			children = (
				6624774A254C655C000C0D7F /* Base */,
			);
			name = Main.storyboard;
			sourceTree = "<group>";
		};
		6624774E254C655E000C0D7F /* LaunchScreen.storyboard */ = {
			isa = PBXVariantGroup;
			children = (
				6624774F254C655E000C0D7F /* Base */,
			);
			name = LaunchScreen.storyboard;
			sourceTree = "<group>";
		};
/* End PBXVariantGroup section */

/* Begin XCBuildConfiguration section */
		66247752254C655E000C0D7F /* Debug */ = {
			isa = XCBuildConfiguration;
			buildSettings = {
				ALWAYS_SEARCH_USER_PATHS = NO;
				CLANG_ANALYZER_NONNULL = YES;
				CLANG_ANALYZER_NUMBER_OBJECT_CONVERSION = YES_AGGRESSIVE;
				CLANG_CXX_LANGUAGE_STANDARD = "gnu++14";
				CLANG_CXX_LIBRARY = "libc++";
				CLANG_ENABLE_MODULES = YES;
				CLANG_ENABLE_OBJC_ARC = YES;
				CLANG_ENABLE_OBJC_WEAK = YES;
				CLANG_WARN_BLOCK_CAPTURE_AUTORELEASING = YES;
				CLANG_WARN_BOOL_CONVERSION = YES;
				CLANG_WARN_COMMA = YES;
				CLANG_WARN_CONSTANT_CONVERSION = YES;
				CLANG_WARN_DEPRECATED_OBJC_IMPLEMENTATIONS = YES;
				CLANG_WARN_DIRECT_OBJC_ISA_USAGE = YES_ERROR;
				CLANG_WARN_DOCUMENTATION_COMMENTS = YES;
				CLANG_WARN_EMPTY_BODY = YES;
				CLANG_WARN_ENUM_CONVERSION = YES;
				CLANG_WARN_INFINITE_RECURSION = YES;
				CLANG_WARN_INT_CONVERSION = YES;
				CLANG_WARN_NON_LITERAL_NULL_CONVERSION = YES;
				CLANG_WARN_OBJC_IMPLICIT_RETAIN_SELF = YES;
				CLANG_WARN_OBJC_LITERAL_CONVERSION = YES;
				CLANG_WARN_OBJC_ROOT_CLASS = YES_ERROR;
				CLANG_WARN_QUOTED_INCLUDE_IN_FRAMEWORK_HEADER = YES;
				CLANG_WARN_RANGE_LOOP_ANALYSIS = YES;
				CLANG_WARN_STRICT_PROTOTYPES = YES;
				CLANG_WARN_SUSPICIOUS_MOVE = YES;
				CLANG_WARN_UNGUARDED_AVAILABILITY = YES_AGGRESSIVE;
				CLANG_WARN_UNREACHABLE_CODE = YES;
				CLANG_WARN__DUPLICATE_METHOD_MATCH = YES;
				COPY_PHASE_STRIP = NO;
				DEBUG_INFORMATION_FORMAT = dwarf;
				ENABLE_STRICT_OBJC_MSGSEND = YES;
				ENABLE_TESTABILITY = YES;
				GCC_C_LANGUAGE_STANDARD = gnu11;
				GCC_DYNAMIC_NO_PIC = NO;
				GCC_NO_COMMON_BLOCKS = YES;
				GCC_OPTIMIZATION_LEVEL = 0;
				GCC_PREPROCESSOR_DEFINITIONS = (
					"DEBUG=1",
					"$(inherited)",
				);
				GCC_WARN_64_TO_32_BIT_CONVERSION = YES;
				GCC_WARN_ABOUT_RETURN_TYPE = YES_ERROR;
				GCC_WARN_UNDECLARED_SELECTOR = YES;
				GCC_WARN_UNINITIALIZED_AUTOS = YES_AGGRESSIVE;
				GCC_WARN_UNUSED_FUNCTION = YES;
				GCC_WARN_UNUSED_VARIABLE = YES;
				IPHONEOS_DEPLOYMENT_TARGET = 14.1;
				MTL_ENABLE_DEBUG_INFO = INCLUDE_SOURCE;
				MTL_FAST_MATH = YES;
				ONLY_ACTIVE_ARCH = YES;
				SDKROOT = iphoneos;
				SWIFT_ACTIVE_COMPILATION_CONDITIONS = DEBUG;
				SWIFT_OPTIMIZATION_LEVEL = "-Onone";
			};
			name = Debug;
		};
		66247753254C655E000C0D7F /* Release */ = {
			isa = XCBuildConfiguration;
			buildSettings = {
				ALWAYS_SEARCH_USER_PATHS = NO;
				CLANG_ANALYZER_NONNULL = YES;
				CLANG_ANALYZER_NUMBER_OBJECT_CONVERSION = YES_AGGRESSIVE;
				CLANG_CXX_LANGUAGE_STANDARD = "gnu++14";
				CLANG_CXX_LIBRARY = "libc++";
				CLANG_ENABLE_MODULES = YES;
				CLANG_ENABLE_OBJC_ARC = YES;
				CLANG_ENABLE_OBJC_WEAK = YES;
				CLANG_WARN_BLOCK_CAPTURE_AUTORELEASING = YES;
				CLANG_WARN_BOOL_CONVERSION = YES;
				CLANG_WARN_COMMA = YES;
				CLANG_WARN_CONSTANT_CONVERSION = YES;
				CLANG_WARN_DEPRECATED_OBJC_IMPLEMENTATIONS = YES;
				CLANG_WARN_DIRECT_OBJC_ISA_USAGE = YES_ERROR;
				CLANG_WARN_DOCUMENTATION_COMMENTS = YES;
				CLANG_WARN_EMPTY_BODY = YES;
				CLANG_WARN_ENUM_CONVERSION = YES;
				CLANG_WARN_INFINITE_RECURSION = YES;
				CLANG_WARN_INT_CONVERSION = YES;
				CLANG_WARN_NON_LITERAL_NULL_CONVERSION = YES;
				CLANG_WARN_OBJC_IMPLICIT_RETAIN_SELF = YES;
				CLANG_WARN_OBJC_LITERAL_CONVERSION = YES;
				CLANG_WARN_OBJC_ROOT_CLASS = YES_ERROR;
				CLANG_WARN_QUOTED_INCLUDE_IN_FRAMEWORK_HEADER = YES;
				CLANG_WARN_RANGE_LOOP_ANALYSIS = YES;
				CLANG_WARN_STRICT_PROTOTYPES = YES;
				CLANG_WARN_SUSPICIOUS_MOVE = YES;
				CLANG_WARN_UNGUARDED_AVAILABILITY = YES_AGGRESSIVE;
				CLANG_WARN_UNREACHABLE_CODE = YES;
				CLANG_WARN__DUPLICATE_METHOD_MATCH = YES;
				COPY_PHASE_STRIP = NO;
				DEBUG_INFORMATION_FORMAT = "dwarf-with-dsym";
				ENABLE_NS_ASSERTIONS = NO;
				ENABLE_STRICT_OBJC_MSGSEND = YES;
				GCC_C_LANGUAGE_STANDARD = gnu11;
				GCC_NO_COMMON_BLOCKS = YES;
				GCC_WARN_64_TO_32_BIT_CONVERSION = YES;
				GCC_WARN_ABOUT_RETURN_TYPE = YES_ERROR;
				GCC_WARN_UNDECLARED_SELECTOR = YES;
				GCC_WARN_UNINITIALIZED_AUTOS = YES_AGGRESSIVE;
				GCC_WARN_UNUSED_FUNCTION = YES;
				GCC_WARN_UNUSED_VARIABLE = YES;
				IPHONEOS_DEPLOYMENT_TARGET = 14.1;
				MTL_ENABLE_DEBUG_INFO = NO;
				MTL_FAST_MATH = YES;
				SDKROOT = iphoneos;
				SWIFT_COMPILATION_MODE = wholemodule;
				SWIFT_OPTIMIZATION_LEVEL = "-O";
				VALIDATE_PRODUCT = YES;
			};
			name = Release;
		};
		66247755254C655E000C0D7F /* Debug */ = {
			isa = XCBuildConfiguration;
			buildSettings = {
				ASSETCATALOG_COMPILER_APPICON_NAME = AppIcon;
				ASSETCATALOG_COMPILER_GLOBAL_ACCENT_COLOR_NAME = AccentColor;
				CODE_SIGN_STYLE = Automatic;
				DEVELOPMENT_TEAM = B3X64R59PK;
				INFOPLIST_FILE = "Challenge(project1-3)/Info.plist";
				LD_RUNPATH_SEARCH_PATHS = (
					"$(inherited)",
					"@executable_path/Frameworks",
				);
				PRODUCT_BUNDLE_IDENTIFIER = "com.PSN.Challenge-project1-3-";
				PRODUCT_NAME = "$(TARGET_NAME)";
				SWIFT_VERSION = 5.0;
				TARGETED_DEVICE_FAMILY = "1,2";
			};
			name = Debug;
		};
		66247756254C655E000C0D7F /* Release */ = {
			isa = XCBuildConfiguration;
			buildSettings = {
				ASSETCATALOG_COMPILER_APPICON_NAME = AppIcon;
				ASSETCATALOG_COMPILER_GLOBAL_ACCENT_COLOR_NAME = AccentColor;
				CODE_SIGN_STYLE = Automatic;
				DEVELOPMENT_TEAM = B3X64R59PK;
				INFOPLIST_FILE = "Challenge(project1-3)/Info.plist";
				LD_RUNPATH_SEARCH_PATHS = (
					"$(inherited)",
					"@executable_path/Frameworks",
				);
				PRODUCT_BUNDLE_IDENTIFIER = "com.PSN.Challenge-project1-3-";
				PRODUCT_NAME = "$(TARGET_NAME)";
				SWIFT_VERSION = 5.0;
				TARGETED_DEVICE_FAMILY = "1,2";
			};
			name = Release;
		};
/* End XCBuildConfiguration section */

/* Begin XCConfigurationList section */
		6624773B254C655C000C0D7F /* Build configuration list for PBXProject "Challenge(project1-3)" */ = {
			isa = XCConfigurationList;
			buildConfigurations = (
				66247752254C655E000C0D7F /* Debug */,
				66247753254C655E000C0D7F /* Release */,
			);
			defaultConfigurationIsVisible = 0;
			defaultConfigurationName = Release;
		};
		66247754254C655E000C0D7F /* Build configuration list for PBXNativeTarget "Challenge(project1-3)" */ = {
			isa = XCConfigurationList;
			buildConfigurations = (
				66247755254C655E000C0D7F /* Debug */,
				66247756254C655E000C0D7F /* Release */,
			);
			defaultConfigurationIsVisible = 0;
			defaultConfigurationName = Release;
		};
/* End XCConfigurationList section */
	};
	rootObject = 66247738254C655C000C0D7F /* Project object */;
}
