// !$*UTF8*$!
{
	archiveVersion = 1;
	classes = {
	};
	objectVersion = 50;
	objects = {

/* Begin PBXBuildFile section */
		66B9DD37258797DA00CFAB2E /* AppDelegate.swift in Sources */ = {isa = PBXBuildFile; fileRef = 66B9DD36258797DA00CFAB2E /* AppDelegate.swift */; };
		66B9DD39258797DA00CFAB2E /* SceneDelegate.swift in Sources */ = {isa = PBXBuildFile; fileRef = 66B9DD38258797DA00CFAB2E /* SceneDelegate.swift */; };
		66B9DD3B258797DA00CFAB2E /* ViewController.swift in Sources */ = {isa = PBXBuildFile; fileRef = 66B9DD3A258797DA00CFAB2E /* ViewController.swift */; };
		66B9DD3E258797DA00CFAB2E /* Main.storyboard in Resources */ = {isa = PBXBuildFile; fileRef = 66B9DD3C258797DA00CFAB2E /* Main.storyboard */; };
		66B9DD40258797DD00CFAB2E /* Assets.xcassets in Resources */ = {isa = PBXBuildFile; fileRef = 66B9DD3F258797DD00CFAB2E /* Assets.xcassets */; };
		66B9DD43258797DD00CFAB2E /* LaunchScreen.storyboard in Resources */ = {isa = PBXBuildFile; fileRef = 66B9DD41258797DD00CFAB2E /* LaunchScreen.storyboard */; };
		66BEFC822588280B004A89F1 /* handManWords.txt in Resources */ = {isa = PBXBuildFile; fileRef = 66BEFC812588280B004A89F1 /* handManWords.txt */; };
		66BEFC9D25882883004A89F1 /* hanger.png in Resources */ = {isa = PBXBuildFile; fileRef = 66BEFC9625882883004A89F1 /* hanger.png */; };
		66BEFC9E25882883004A89F1 /* hanger3.png in Resources */ = {isa = PBXBuildFile; fileRef = 66BEFC9725882883004A89F1 /* hanger3.png */; };
		66BEFC9F25882883004A89F1 /* hanger2.png in Resources */ = {isa = PBXBuildFile; fileRef = 66BEFC9825882883004A89F1 /* hanger2.png */; };
		66BEFCA025882883004A89F1 /* hanger1.png in Resources */ = {isa = PBXBuildFile; fileRef = 66BEFC9925882883004A89F1 /* hanger1.png */; };
		66BEFCA125882883004A89F1 /* hanger5.png in Resources */ = {isa = PBXBuildFile; fileRef = 66BEFC9A25882883004A89F1 /* hanger5.png */; };
		66BEFCA225882883004A89F1 /* hanger4.png in Resources */ = {isa = PBXBuildFile; fileRef = 66BEFC9B25882883004A89F1 /* hanger4.png */; };
		66BEFCA325882883004A89F1 /* hanger6.png in Resources */ = {isa = PBXBuildFile; fileRef = 66BEFC9C25882883004A89F1 /* hanger6.png */; };
/* End PBXBuildFile section */

/* Begin PBXFileReference section */
		66B9DD33258797DA00CFAB2E /* Challenge(project7-9).app */ = {isa = PBXFileReference; explicitFileType = wrapper.application; includeInIndex = 0; path = "Challenge(project7-9).app"; sourceTree = BUILT_PRODUCTS_DIR; };
		66B9DD36258797DA00CFAB2E /* AppDelegate.swift */ = {isa = PBXFileReference; lastKnownFileType = sourcecode.swift; path = AppDelegate.swift; sourceTree = "<group>"; };
		66B9DD38258797DA00CFAB2E /* SceneDelegate.swift */ = {isa = PBXFileReference; lastKnownFileType = sourcecode.swift; path = SceneDelegate.swift; sourceTree = "<group>"; };
		66B9DD3A258797DA00CFAB2E /* ViewController.swift */ = {isa = PBXFileReference; lastKnownFileType = sourcecode.swift; path = ViewController.swift; sourceTree = "<group>"; };
		66B9DD3D258797DA00CFAB2E /* Base */ = {isa = PBXFileReference; lastKnownFileType = file.storyboard; name = Base; path = Base.lproj/Main.storyboard; sourceTree = "<group>"; };
		66B9DD3F258797DD00CFAB2E /* Assets.xcassets */ = {isa = PBXFileReference; lastKnownFileType = folder.assetcatalog; path = Assets.xcassets; sourceTree = "<group>"; };
		66B9DD42258797DD00CFAB2E /* Base */ = {isa = PBXFileReference; lastKnownFileType = file.storyboard; name = Base; path = Base.lproj/LaunchScreen.storyboard; sourceTree = "<group>"; };
		66B9DD44258797DD00CFAB2E /* Info.plist */ = {isa = PBXFileReference; lastKnownFileType = text.plist.xml; path = Info.plist; sourceTree = "<group>"; };
		66BEFC812588280B004A89F1 /* handManWords.txt */ = {isa = PBXFileReference; fileEncoding = 4; lastKnownFileType = text; path = handManWords.txt; sourceTree = "<group>"; };
		66BEFC9625882883004A89F1 /* hanger.png */ = {isa = PBXFileReference; lastKnownFileType = image.png; path = hanger.png; sourceTree = "<group>"; };
		66BEFC9725882883004A89F1 /* hanger3.png */ = {isa = PBXFileReference; lastKnownFileType = image.png; path = hanger3.png; sourceTree = "<group>"; };
		66BEFC9825882883004A89F1 /* hanger2.png */ = {isa = PBXFileReference; lastKnownFileType = image.png; path = hanger2.png; sourceTree = "<group>"; };
		66BEFC9925882883004A89F1 /* hanger1.png */ = {isa = PBXFileReference; lastKnownFileType = image.png; path = hanger1.png; sourceTree = "<group>"; };
		66BEFC9A25882883004A89F1 /* hanger5.png */ = {isa = PBXFileReference; lastKnownFileType = image.png; path = hanger5.png; sourceTree = "<group>"; };
		66BEFC9B25882883004A89F1 /* hanger4.png */ = {isa = PBXFileReference; lastKnownFileType = image.png; path = hanger4.png; sourceTree = "<group>"; };
		66BEFC9C25882883004A89F1 /* hanger6.png */ = {isa = PBXFileReference; lastKnownFileType = image.png; path = hanger6.png; sourceTree = "<group>"; };
/* End PBXFileReference section */

/* Begin PBXFrameworksBuildPhase section */
		66B9DD30258797D900CFAB2E /* Frameworks */ = {
			isa = PBXFrameworksBuildPhase;
			buildActionMask = 2147483647;
			files = (
			);
			runOnlyForDeploymentPostprocessing = 0;
		};
/* End PBXFrameworksBuildPhase section */

/* Begin PBXGroup section */
		66B9DD2A258797D900CFAB2E = {
			isa = PBXGroup;
			children = (
				66B9DD35258797DA00CFAB2E /* Challenge(project7-9) */,
				66B9DD34258797DA00CFAB2E /* Products */,
			);
			sourceTree = "<group>";
		};
		66B9DD34258797DA00CFAB2E /* Products */ = {
			isa = PBXGroup;
			children = (
				66B9DD33258797DA00CFAB2E /* Challenge(project7-9).app */,
			);
			name = Products;
			sourceTree = "<group>";
		};
		66B9DD35258797DA00CFAB2E /* Challenge(project7-9) */ = {
			isa = PBXGroup;
			children = (
				66B9DD36258797DA00CFAB2E /* AppDelegate.swift */,
				66B9DD38258797DA00CFAB2E /* SceneDelegate.swift */,
				66B9DD3A258797DA00CFAB2E /* ViewController.swift */,
				66B9DD3C258797DA00CFAB2E /* Main.storyboard */,
				66B9DD3F258797DD00CFAB2E /* Assets.xcassets */,
				66B9DD41258797DD00CFAB2E /* LaunchScreen.storyboard */,
				66B9DD44258797DD00CFAB2E /* Info.plist */,
				66BEFC812588280B004A89F1 /* handManWords.txt */,
				66BEFC9525882883004A89F1 /* hangManImages */,
			);
			path = "Challenge(project7-9)";
			sourceTree = "<group>";
		};
		66BEFC9525882883004A89F1 /* hangManImages */ = {
			isa = PBXGroup;
			children = (
				66BEFC9625882883004A89F1 /* hanger.png */,
				66BEFC9725882883004A89F1 /* hanger3.png */,
				66BEFC9825882883004A89F1 /* hanger2.png */,
				66BEFC9925882883004A89F1 /* hanger1.png */,
				66BEFC9A25882883004A89F1 /* hanger5.png */,
				66BEFC9B25882883004A89F1 /* hanger4.png */,
				66BEFC9C25882883004A89F1 /* hanger6.png */,
			);
			path = hangManImages;
			sourceTree = "<group>";
		};
/* End PBXGroup section */

/* Begin PBXNativeTarget section */
		66B9DD32258797D900CFAB2E /* Challenge(project7-9) */ = {
			isa = PBXNativeTarget;
			buildConfigurationList = 66B9DD47258797DD00CFAB2E /* Build configuration list for PBXNativeTarget "Challenge(project7-9)" */;
			buildPhases = (
				66B9DD2F258797D900CFAB2E /* Sources */,
				66B9DD30258797D900CFAB2E /* Frameworks */,
				66B9DD31258797D900CFAB2E /* Resources */,
			);
			buildRules = (
			);
			dependencies = (
			);
			name = "Challenge(project7-9)";
			productName = "Challenge(project7-9)";
			productReference = 66B9DD33258797DA00CFAB2E /* Challenge(project7-9).app */;
			productType = "com.apple.product-type.application";
		};
/* End PBXNativeTarget section */

/* Begin PBXProject section */
		66B9DD2B258797D900CFAB2E /* Project object */ = {
			isa = PBXProject;
			attributes = {
				LastSwiftUpdateCheck = 1220;
				LastUpgradeCheck = 1220;
				TargetAttributes = {
					66B9DD32258797D900CFAB2E = {
						CreatedOnToolsVersion = 12.2;
					};
				};
			};
			buildConfigurationList = 66B9DD2E258797D900CFAB2E /* Build configuration list for PBXProject "Challenge(project7-9)" */;
			compatibilityVersion = "Xcode 9.3";
			developmentRegion = en;
			hasScannedForEncodings = 0;
			knownRegions = (
				en,
				Base,
			);
			mainGroup = 66B9DD2A258797D900CFAB2E;
			productRefGroup = 66B9DD34258797DA00CFAB2E /* Products */;
			projectDirPath = "";
			projectRoot = "";
			targets = (
				66B9DD32258797D900CFAB2E /* Challenge(project7-9) */,
			);
		};
/* End PBXProject section */

/* Begin PBXResourcesBuildPhase section */
		66B9DD31258797D900CFAB2E /* Resources */ = {
			isa = PBXResourcesBuildPhase;
			buildActionMask = 2147483647;
			files = (
				66BEFC822588280B004A89F1 /* handManWords.txt in Resources */,
				66B9DD43258797DD00CFAB2E /* LaunchScreen.storyboard in Resources */,
				66BEFC9F25882883004A89F1 /* hanger2.png in Resources */,
				66BEFCA225882883004A89F1 /* hanger4.png in Resources */,
				66BEFC9D25882883004A89F1 /* hanger.png in Resources */,
				66BEFCA125882883004A89F1 /* hanger5.png in Resources */,
				66BEFCA025882883004A89F1 /* hanger1.png in Resources */,
				66B9DD40258797DD00CFAB2E /* Assets.xcassets in Resources */,
				66BEFC9E25882883004A89F1 /* hanger3.png in Resources */,
				66BEFCA325882883004A89F1 /* hanger6.png in Resources */,
				66B9DD3E258797DA00CFAB2E /* Main.storyboard in Resources */,
			);
			runOnlyForDeploymentPostprocessing = 0;
		};
/* End PBXResourcesBuildPhase section */

/* Begin PBXSourcesBuildPhase section */
		66B9DD2F258797D900CFAB2E /* Sources */ = {
			isa = PBXSourcesBuildPhase;
			buildActionMask = 2147483647;
			files = (
				66B9DD3B258797DA00CFAB2E /* ViewController.swift in Sources */,
				66B9DD37258797DA00CFAB2E /* AppDelegate.swift in Sources */,
				66B9DD39258797DA00CFAB2E /* SceneDelegate.swift in Sources */,
			);
			runOnlyForDeploymentPostprocessing = 0;
		};
/* End PBXSourcesBuildPhase section */

/* Begin PBXVariantGroup section */
		66B9DD3C258797DA00CFAB2E /* Main.storyboard */ = {
			isa = PBXVariantGroup;
			children = (
				66B9DD3D258797DA00CFAB2E /* Base */,
			);
			name = Main.storyboard;
			sourceTree = "<group>";
		};
		66B9DD41258797DD00CFAB2E /* LaunchScreen.storyboard */ = {
			isa = PBXVariantGroup;
			children = (
				66B9DD42258797DD00CFAB2E /* Base */,
			);
			name = LaunchScreen.storyboard;
			sourceTree = "<group>";
		};
/* End PBXVariantGroup section */

/* Begin XCBuildConfiguration section */
		66B9DD45258797DD00CFAB2E /* Debug */ = {
			isa = XCBuildConfiguration;
			buildSettings = {
				ALWAYS_SEARCH_USER_PATHS = NO;
				CLANG_ANALYZER_NONNULL = YES;
				CLANG_ANALYZER_NUMBER_OBJECT_CONVERSION = YES_AGGRESSIVE;
				CLANG_CXX_LANGUAGE_STANDARD = "gnu++14";
				CLANG_CXX_LIBRARY = "libc++";
				CLANG_ENABLE_MODULES = YES;
				CLANG_ENABLE_OBJC_ARC = YES;
				CLANG_ENABLE_OBJC_WEAK = YES;
				CLANG_WARN_BLOCK_CAPTURE_AUTORELEASING = YES;
				CLANG_WARN_BOOL_CONVERSION = YES;
				CLANG_WARN_COMMA = YES;
				CLANG_WARN_CONSTANT_CONVERSION = YES;
				CLANG_WARN_DEPRECATED_OBJC_IMPLEMENTATIONS = YES;
				CLANG_WARN_DIRECT_OBJC_ISA_USAGE = YES_ERROR;
				CLANG_WARN_DOCUMENTATION_COMMENTS = YES;
				CLANG_WARN_EMPTY_BODY = YES;
				CLANG_WARN_ENUM_CONVERSION = YES;
				CLANG_WARN_INFINITE_RECURSION = YES;
				CLANG_WARN_INT_CONVERSION = YES;
				CLANG_WARN_NON_LITERAL_NULL_CONVERSION = YES;
				CLANG_WARN_OBJC_IMPLICIT_RETAIN_SELF = YES;
				CLANG_WARN_OBJC_LITERAL_CONVERSION = YES;
				CLANG_WARN_OBJC_ROOT_CLASS = YES_ERROR;
				CLANG_WARN_QUOTED_INCLUDE_IN_FRAMEWORK_HEADER = YES;
				CLANG_WARN_RANGE_LOOP_ANALYSIS = YES;
				CLANG_WARN_STRICT_PROTOTYPES = YES;
				CLANG_WARN_SUSPICIOUS_MOVE = YES;
				CLANG_WARN_UNGUARDED_AVAILABILITY = YES_AGGRESSIVE;
				CLANG_WARN_UNREACHABLE_CODE = YES;
				CLANG_WARN__DUPLICATE_METHOD_MATCH = YES;
				COPY_PHASE_STRIP = NO;
				DEBUG_INFORMATION_FORMAT = dwarf;
				ENABLE_STRICT_OBJC_MSGSEND = YES;
				ENABLE_TESTABILITY = YES;
				GCC_C_LANGUAGE_STANDARD = gnu11;
				GCC_DYNAMIC_NO_PIC = NO;
				GCC_NO_COMMON_BLOCKS = YES;
				GCC_OPTIMIZATION_LEVEL = 0;
				GCC_PREPROCESSOR_DEFINITIONS = (
					"DEBUG=1",
					"$(inherited)",
				);
				GCC_WARN_64_TO_32_BIT_CONVERSION = YES;
				GCC_WARN_ABOUT_RETURN_TYPE = YES_ERROR;
				GCC_WARN_UNDECLARED_SELECTOR = YES;
				GCC_WARN_UNINITIALIZED_AUTOS = YES_AGGRESSIVE;
				GCC_WARN_UNUSED_FUNCTION = YES;
				GCC_WARN_UNUSED_VARIABLE = YES;
				IPHONEOS_DEPLOYMENT_TARGET = 14.2;
				MTL_ENABLE_DEBUG_INFO = INCLUDE_SOURCE;
				MTL_FAST_MATH = YES;
				ONLY_ACTIVE_ARCH = YES;
				SDKROOT = iphoneos;
				SWIFT_ACTIVE_COMPILATION_CONDITIONS = DEBUG;
				SWIFT_OPTIMIZATION_LEVEL = "-Onone";
			};
			name = Debug;
		};
		66B9DD46258797DD00CFAB2E /* Release */ = {
			isa = XCBuildConfiguration;
			buildSettings = {
				ALWAYS_SEARCH_USER_PATHS = NO;
				CLANG_ANALYZER_NONNULL = YES;
				CLANG_ANALYZER_NUMBER_OBJECT_CONVERSION = YES_AGGRESSIVE;
				CLANG_CXX_LANGUAGE_STANDARD = "gnu++14";
				CLANG_CXX_LIBRARY = "libc++";
				CLANG_ENABLE_MODULES = YES;
				CLANG_ENABLE_OBJC_ARC = YES;
				CLANG_ENABLE_OBJC_WEAK = YES;
				CLANG_WARN_BLOCK_CAPTURE_AUTORELEASING = YES;
				CLANG_WARN_BOOL_CONVERSION = YES;
				CLANG_WARN_COMMA = YES;
				CLANG_WARN_CONSTANT_CONVERSION = YES;
				CLANG_WARN_DEPRECATED_OBJC_IMPLEMENTATIONS = YES;
				CLANG_WARN_DIRECT_OBJC_ISA_USAGE = YES_ERROR;
				CLANG_WARN_DOCUMENTATION_COMMENTS = YES;
				CLANG_WARN_EMPTY_BODY = YES;
				CLANG_WARN_ENUM_CONVERSION = YES;
				CLANG_WARN_INFINITE_RECURSION = YES;
				CLANG_WARN_INT_CONVERSION = YES;
				CLANG_WARN_NON_LITERAL_NULL_CONVERSION = YES;
				CLANG_WARN_OBJC_IMPLICIT_RETAIN_SELF = YES;
				CLANG_WARN_OBJC_LITERAL_CONVERSION = YES;
				CLANG_WARN_OBJC_ROOT_CLASS = YES_ERROR;
				CLANG_WARN_QUOTED_INCLUDE_IN_FRAMEWORK_HEADER = YES;
				CLANG_WARN_RANGE_LOOP_ANALYSIS = YES;
				CLANG_WARN_STRICT_PROTOTYPES = YES;
				CLANG_WARN_SUSPICIOUS_MOVE = YES;
				CLANG_WARN_UNGUARDED_AVAILABILITY = YES_AGGRESSIVE;
				CLANG_WARN_UNREACHABLE_CODE = YES;
				CLANG_WARN__DUPLICATE_METHOD_MATCH = YES;
				COPY_PHASE_STRIP = NO;
				DEBUG_INFORMATION_FORMAT = "dwarf-with-dsym";
				ENABLE_NS_ASSERTIONS = NO;
				ENABLE_STRICT_OBJC_MSGSEND = YES;
				GCC_C_LANGUAGE_STANDARD = gnu11;
				GCC_NO_COMMON_BLOCKS = YES;
				GCC_WARN_64_TO_32_BIT_CONVERSION = YES;
				GCC_WARN_ABOUT_RETURN_TYPE = YES_ERROR;
				GCC_WARN_UNDECLARED_SELECTOR = YES;
				GCC_WARN_UNINITIALIZED_AUTOS = YES_AGGRESSIVE;
				GCC_WARN_UNUSED_FUNCTION = YES;
				GCC_WARN_UNUSED_VARIABLE = YES;
				IPHONEOS_DEPLOYMENT_TARGET = 14.2;
				MTL_ENABLE_DEBUG_INFO = NO;
				MTL_FAST_MATH = YES;
				SDKROOT = iphoneos;
				SWIFT_COMPILATION_MODE = wholemodule;
				SWIFT_OPTIMIZATION_LEVEL = "-O";
				VALIDATE_PRODUCT = YES;
			};
			name = Release;
		};
		66B9DD48258797DD00CFAB2E /* Debug */ = {
			isa = XCBuildConfiguration;
			buildSettings = {
				ASSETCATALOG_COMPILER_APPICON_NAME = AppIcon;
				ASSETCATALOG_COMPILER_GLOBAL_ACCENT_COLOR_NAME = AccentColor;
				CODE_SIGN_STYLE = Automatic;
				DEVELOPMENT_TEAM = B3X64R59PK;
				INFOPLIST_FILE = "Challenge(project7-9)/Info.plist";
				LD_RUNPATH_SEARCH_PATHS = (
					"$(inherited)",
					"@executable_path/Frameworks",
				);
				PRODUCT_BUNDLE_IDENTIFIER = "me.sa.Challenge-project7-9-";
				PRODUCT_NAME = "$(TARGET_NAME)";
				SWIFT_VERSION = 5.0;
				TARGETED_DEVICE_FAMILY = "1,2";
			};
			name = Debug;
		};
		66B9DD49258797DD00CFAB2E /* Release */ = {
			isa = XCBuildConfiguration;
			buildSettings = {
				ASSETCATALOG_COMPILER_APPICON_NAME = AppIcon;
				ASSETCATALOG_COMPILER_GLOBAL_ACCENT_COLOR_NAME = AccentColor;
				CODE_SIGN_STYLE = Automatic;
				DEVELOPMENT_TEAM = B3X64R59PK;
				INFOPLIST_FILE = "Challenge(project7-9)/Info.plist";
				LD_RUNPATH_SEARCH_PATHS = (
					"$(inherited)",
					"@executable_path/Frameworks",
				);
				PRODUCT_BUNDLE_IDENTIFIER = "me.sa.Challenge-project7-9-";
				PRODUCT_NAME = "$(TARGET_NAME)";
				SWIFT_VERSION = 5.0;
				TARGETED_DEVICE_FAMILY = "1,2";
			};
			name = Release;
		};
/* End XCBuildConfiguration section */

/* Begin XCConfigurationList section */
		66B9DD2E258797D900CFAB2E /* Build configuration list for PBXProject "Challenge(project7-9)" */ = {
			isa = XCConfigurationList;
			buildConfigurations = (
				66B9DD45258797DD00CFAB2E /* Debug */,
				66B9DD46258797DD00CFAB2E /* Release */,
			);
			defaultConfigurationIsVisible = 0;
			defaultConfigurationName = Release;
		};
		66B9DD47258797DD00CFAB2E /* Build configuration list for PBXNativeTarget "Challenge(project7-9)" */ = {
			isa = XCConfigurationList;
			buildConfigurations = (
				66B9DD48258797DD00CFAB2E /* Debug */,
				66B9DD49258797DD00CFAB2E /* Release */,
			);
			defaultConfigurationIsVisible = 0;
			defaultConfigurationName = Release;
		};
/* End XCConfigurationList section */
	};
	rootObject = 66B9DD2B258797D900CFAB2E /* Project object */;
}
